
Microsoft Visual Studio Solution File, Format Version 12.00
# Visual Studio Version 17
VisualStudioVersion = 17.9.34321.82
MinimumVisualStudioVersion = 10.0.40219.1
Project("{FAE04EC0-301F-11D3-BF4B-00C04F79EFBC}") = "Assignment 2", "Assignment 2\Assignment 2.csproj", "{01DFFED8-6211-442F-B10F-A286B319C0DA}"
EndProject
Global
	GlobalSection(SolutionConfigurationPlatforms) = preSolution
		Debug|Any CPU = Debug|Any CPU
		Release|Any CPU = Release|Any CPU
	EndGlobalSection
	GlobalSection(ProjectConfigurationPlatforms) = postSolution
		{01DFFED8-6211-442F-B10F-A286B319C0DA}.Debug|Any CPU.ActiveCfg = Debug|Any CPU
		{01DFFED8-6211-442F-B10F-A286B319C0DA}.Debug|Any CPU.Build.0 = Debug|Any CPU
		{01DFFED8-6211-442F-B10F-A286B319C0DA}.Release|Any CPU.ActiveCfg = Release|Any CPU
		{01DFFED8-6211-442F-B10F-A286B319C0DA}.Release|Any CPU.Build.0 = Release|Any CPU
	EndGlobalSection
	GlobalSection(SolutionProperties) = preSolution
		HideSolutionNode = FALSE
	EndGlobalSection
	GlobalSection(ExtensibilityGlobals) = postSolution
		SolutionGuid = {5A9A4DB7-8A66-45FC-9017-0A7EAF61A146}
	EndGlobalSection
EndGlobal
